
Microsoft Visual Studio Solution File, Format Version 12.00
# Visual Studio Version 16
VisualStudioVersion = 16.0.28803.352
MinimumVisualStudioVersion = 10.0.40219.1
Project("{FAE04EC0-301F-11D3-BF4B-00C04F79EFBC}") = "WorkClient", "WorkClient\WorkClient.csproj", "{ACE9AA42-E7BF-4B47-A8D3-F499E44ABCE6}"
EndProject
Global
	GlobalSection(SolutionConfigurationPlatforms) = preSolution
		Debug|Any CPU = Debug|Any CPU
		Release|Any CPU = Release|Any CPU
	EndGlobalSection
	GlobalSection(ProjectConfigurationPlatforms) = postSolution
		{ACE9AA42-E7BF-4B47-A8D3-F499E44ABCE6}.Debug|Any CPU.ActiveCfg = Debug|Any CPU
		{ACE9AA42-E7BF-4B47-A8D3-F499E44ABCE6}.Debug|Any CPU.Build.0 = Debug|Any CPU
		{ACE9AA42-E7BF-4B47-A8D3-F499E44ABCE6}.Release|Any CPU.ActiveCfg = Release|Any CPU
		{ACE9AA42-E7BF-4B47-A8D3-F499E44ABCE6}.Release|Any CPU.Build.0 = Release|Any CPU
	EndGlobalSection
	GlobalSection(SolutionProperties) = preSolution
		HideSolutionNode = FALSE
	EndGlobalSection
	GlobalSection(ExtensibilityGlobals) = postSolution
		SolutionGuid = {B099FB28-525B-4770-8186-523E1CE20010}
	EndGlobalSection
EndGlobal
